// !$*UTF8*$!
{
	archiveVersion = 1;
	classes = {
	};
	objectVersion = 46;
	objects = {

/* Begin PBXBuildFile section */
		332FA1861902C1E3003BA9C3 /* CharCustomCardCollectionView.m in Sources */ = {isa = PBXBuildFile; fileRef = 332FA1851902C1E3003BA9C3 /* CharCustomCardCollectionView.m */; };
		332FA1891902CB1B003BA9C3 /* CharCardsMinViewLayout.m in Sources */ = {isa = PBXBuildFile; fileRef = 332FA1881902CB1B003BA9C3 /* CharCardsMinViewLayout.m */; };
		338A53C718F1696B00E4CDBA /* Foundation.framework in Frameworks */ = {isa = PBXBuildFile; fileRef = 338A53C618F1696B00E4CDBA /* Foundation.framework */; };
		338A53C918F1696B00E4CDBA /* CoreGraphics.framework in Frameworks */ = {isa = PBXBuildFile; fileRef = 338A53C818F1696B00E4CDBA /* CoreGraphics.framework */; };
		338A53CB18F1696B00E4CDBA /* UIKit.framework in Frameworks */ = {isa = PBXBuildFile; fileRef = 338A53CA18F1696B00E4CDBA /* UIKit.framework */; };
		338A53D118F1696B00E4CDBA /* InfoPlist.strings in Resources */ = {isa = PBXBuildFile; fileRef = 338A53CF18F1696B00E4CDBA /* InfoPlist.strings */; };
		338A53D318F1696B00E4CDBA /* main.m in Sources */ = {isa = PBXBuildFile; fileRef = 338A53D218F1696B00E4CDBA /* main.m */; };
		338A53D718F1696B00E4CDBA /* CharAppDelegate.m in Sources */ = {isa = PBXBuildFile; fileRef = 338A53D618F1696B00E4CDBA /* CharAppDelegate.m */; };
		338A53D918F1696B00E4CDBA /* Images.xcassets in Resources */ = {isa = PBXBuildFile; fileRef = 338A53D818F1696B00E4CDBA /* Images.xcassets */; };
		338A53E018F1696B00E4CDBA /* XCTest.framework in Frameworks */ = {isa = PBXBuildFile; fileRef = 338A53DF18F1696B00E4CDBA /* XCTest.framework */; };
		338A53E118F1696B00E4CDBA /* Foundation.framework in Frameworks */ = {isa = PBXBuildFile; fileRef = 338A53C618F1696B00E4CDBA /* Foundation.framework */; };
		338A53E218F1696B00E4CDBA /* UIKit.framework in Frameworks */ = {isa = PBXBuildFile; fileRef = 338A53CA18F1696B00E4CDBA /* UIKit.framework */; };
		338A53EA18F1696B00E4CDBA /* InfoPlist.strings in Resources */ = {isa = PBXBuildFile; fileRef = 338A53E818F1696B00E4CDBA /* InfoPlist.strings */; };
		338A53EC18F1696B00E4CDBA /* CharCardsViewTests.m in Sources */ = {isa = PBXBuildFile; fileRef = 338A53EB18F1696B00E4CDBA /* CharCardsViewTests.m */; };
		338A540B18F1F92400E4CDBA /* CharCardsView.m in Sources */ = {isa = PBXBuildFile; fileRef = 338A540818F1F92400E4CDBA /* CharCardsView.m */; };
		338A540C18F1F92400E4CDBA /* CharCardView.m in Sources */ = {isa = PBXBuildFile; fileRef = 338A540A18F1F92400E4CDBA /* CharCardView.m */; };
		338A540F18F1F92E00E4CDBA /* CharViewController.m in Sources */ = {isa = PBXBuildFile; fileRef = 338A540E18F1F92E00E4CDBA /* CharViewController.m */; };
		338A541218F1F98B00E4CDBA /* CharCustomCardView.m in Sources */ = {isa = PBXBuildFile; fileRef = 338A541118F1F98B00E4CDBA /* CharCustomCardView.m */; };
		33BAF45B18F6489C004EC40F /* UIColor+Random.m in Sources */ = {isa = PBXBuildFile; fileRef = 33BAF45A18F6489C004EC40F /* UIColor+Random.m */; };
		33C955A31906771200937C32 /* CharCardsCollectionView.m in Sources */ = {isa = PBXBuildFile; fileRef = 33C955A21906771200937C32 /* CharCardsCollectionView.m */; };
		33C955A61906973200937C32 /* CharCardsMaxViewLayout.m in Sources */ = {isa = PBXBuildFile; fileRef = 33C955A51906973200937C32 /* CharCardsMaxViewLayout.m */; };
		33C955A91906B32F00937C32 /* CharCardsTransitionalViewLayout.m in Sources */ = {isa = PBXBuildFile; fileRef = 33C955A81906B32F00937C32 /* CharCardsTransitionalViewLayout.m */; };
		33C955AD1906B8EC00937C32 /* CharCardCollectionView.m in Sources */ = {isa = PBXBuildFile; fileRef = 33C955AC1906B8EC00937C32 /* CharCardCollectionView.m */; };
		33C955B01907259900937C32 /* CharCardsLayoutAttributes.m in Sources */ = {isa = PBXBuildFile; fileRef = 33C955AF1907259900937C32 /* CharCardsLayoutAttributes.m */; };
		33C955B51908A73F00937C32 /* CharCardsNoneViewLayout.m in Sources */ = {isa = PBXBuildFile; fileRef = 33C955B41908A73F00937C32 /* CharCardsNoneViewLayout.m */; };
/* End PBXBuildFile section */

/* Begin PBXContainerItemProxy section */
		338A53E318F1696B00E4CDBA /* PBXContainerItemProxy */ = {
			isa = PBXContainerItemProxy;
			containerPortal = 338A53BB18F1696B00E4CDBA /* Project object */;
			proxyType = 1;
			remoteGlobalIDString = 338A53C218F1696B00E4CDBA;
			remoteInfo = CharCardsView;
		};
/* End PBXContainerItemProxy section */

/* Begin PBXFileReference section */
		332FA1841902C1E3003BA9C3 /* CharCustomCardCollectionView.h */ = {isa = PBXFileReference; fileEncoding = 4; lastKnownFileType = sourcecode.c.h; name = CharCustomCardCollectionView.h; path = test/CharCustomCardCollectionView.h; sourceTree = "<group>"; };
		332FA1851902C1E3003BA9C3 /* CharCustomCardCollectionView.m */ = {isa = PBXFileReference; fileEncoding = 4; lastKnownFileType = sourcecode.c.objc; name = CharCustomCardCollectionView.m; path = test/CharCustomCardCollectionView.m; sourceTree = "<group>"; };
		332FA1871902CB1B003BA9C3 /* CharCardsMinViewLayout.h */ = {isa = PBXFileReference; fileEncoding = 4; lastKnownFileType = sourcecode.c.h; name = CharCardsMinViewLayout.h; path = lib/CharCardsMinViewLayout.h; sourceTree = "<group>"; };
		332FA1881902CB1B003BA9C3 /* CharCardsMinViewLayout.m */ = {isa = PBXFileReference; fileEncoding = 4; lastKnownFileType = sourcecode.c.objc; name = CharCardsMinViewLayout.m; path = lib/CharCardsMinViewLayout.m; sourceTree = "<group>"; };
		338A53C318F1696B00E4CDBA /* CharCardsView.app */ = {isa = PBXFileReference; explicitFileType = wrapper.application; includeInIndex = 0; path = CharCardsView.app; sourceTree = BUILT_PRODUCTS_DIR; };
		338A53C618F1696B00E4CDBA /* Foundation.framework */ = {isa = PBXFileReference; lastKnownFileType = wrapper.framework; name = Foundation.framework; path = System/Library/Frameworks/Foundation.framework; sourceTree = SDKROOT; };
		338A53C818F1696B00E4CDBA /* CoreGraphics.framework */ = {isa = PBXFileReference; lastKnownFileType = wrapper.framework; name = CoreGraphics.framework; path = System/Library/Frameworks/CoreGraphics.framework; sourceTree = SDKROOT; };
		338A53CA18F1696B00E4CDBA /* UIKit.framework */ = {isa = PBXFileReference; lastKnownFileType = wrapper.framework; name = UIKit.framework; path = System/Library/Frameworks/UIKit.framework; sourceTree = SDKROOT; };
		338A53CE18F1696B00E4CDBA /* CharCardsView-Info.plist */ = {isa = PBXFileReference; lastKnownFileType = text.plist.xml; path = "CharCardsView-Info.plist"; sourceTree = "<group>"; };
		338A53D018F1696B00E4CDBA /* en */ = {isa = PBXFileReference; lastKnownFileType = text.plist.strings; name = en; path = en.lproj/InfoPlist.strings; sourceTree = "<group>"; };
		338A53D218F1696B00E4CDBA /* main.m */ = {isa = PBXFileReference; lastKnownFileType = sourcecode.c.objc; path = main.m; sourceTree = "<group>"; };
		338A53D418F1696B00E4CDBA /* CharCardsView-Prefix.pch */ = {isa = PBXFileReference; lastKnownFileType = sourcecode.c.h; path = "CharCardsView-Prefix.pch"; sourceTree = "<group>"; };
		338A53D518F1696B00E4CDBA /* CharAppDelegate.h */ = {isa = PBXFileReference; lastKnownFileType = sourcecode.c.h; path = CharAppDelegate.h; sourceTree = "<group>"; };
		338A53D618F1696B00E4CDBA /* CharAppDelegate.m */ = {isa = PBXFileReference; lastKnownFileType = sourcecode.c.objc; path = CharAppDelegate.m; sourceTree = "<group>"; };
		338A53D818F1696B00E4CDBA /* Images.xcassets */ = {isa = PBXFileReference; lastKnownFileType = folder.assetcatalog; path = Images.xcassets; sourceTree = "<group>"; };
		338A53DE18F1696B00E4CDBA /* CharCardsViewTests.xctest */ = {isa = PBXFileReference; explicitFileType = wrapper.cfbundle; includeInIndex = 0; path = CharCardsViewTests.xctest; sourceTree = BUILT_PRODUCTS_DIR; };
		338A53DF18F1696B00E4CDBA /* XCTest.framework */ = {isa = PBXFileReference; lastKnownFileType = wrapper.framework; name = XCTest.framework; path = Library/Frameworks/XCTest.framework; sourceTree = DEVELOPER_DIR; };
		338A53E718F1696B00E4CDBA /* CharCardsViewTests-Info.plist */ = {isa = PBXFileReference; lastKnownFileType = text.plist.xml; path = "CharCardsViewTests-Info.plist"; sourceTree = "<group>"; };
		338A53E918F1696B00E4CDBA /* en */ = {isa = PBXFileReference; lastKnownFileType = text.plist.strings; name = en; path = en.lproj/InfoPlist.strings; sourceTree = "<group>"; };
		338A53EB18F1696B00E4CDBA /* CharCardsViewTests.m */ = {isa = PBXFileReference; lastKnownFileType = sourcecode.c.objc; path = CharCardsViewTests.m; sourceTree = "<group>"; };
		338A540618F1F92400E4CDBA /* CharCardsConstants.h */ = {isa = PBXFileReference; fileEncoding = 4; lastKnownFileType = sourcecode.c.h; name = CharCardsConstants.h; path = lib/CharCardsConstants.h; sourceTree = "<group>"; };
		338A540718F1F92400E4CDBA /* CharCardsView.h */ = {isa = PBXFileReference; fileEncoding = 4; lastKnownFileType = sourcecode.c.h; name = CharCardsView.h; path = lib/CharCardsView.h; sourceTree = "<group>"; };
		338A540818F1F92400E4CDBA /* CharCardsView.m */ = {isa = PBXFileReference; fileEncoding = 4; lastKnownFileType = sourcecode.c.objc; name = CharCardsView.m; path = lib/CharCardsView.m; sourceTree = "<group>"; };
		338A540918F1F92400E4CDBA /* CharCardView.h */ = {isa = PBXFileReference; fileEncoding = 4; lastKnownFileType = sourcecode.c.h; name = CharCardView.h; path = lib/CharCardView.h; sourceTree = "<group>"; };
		338A540A18F1F92400E4CDBA /* CharCardView.m */ = {isa = PBXFileReference; fileEncoding = 4; lastKnownFileType = sourcecode.c.objc; name = CharCardView.m; path = lib/CharCardView.m; sourceTree = "<group>"; };
		338A540D18F1F92E00E4CDBA /* CharViewController.h */ = {isa = PBXFileReference; fileEncoding = 4; lastKnownFileType = sourcecode.c.h; name = CharViewController.h; path = test/CharViewController.h; sourceTree = "<group>"; };
		338A540E18F1F92E00E4CDBA /* CharViewController.m */ = {isa = PBXFileReference; fileEncoding = 4; lastKnownFileType = sourcecode.c.objc; name = CharViewController.m; path = test/CharViewController.m; sourceTree = "<group>"; };
		338A541018F1F98B00E4CDBA /* CharCustomCardView.h */ = {isa = PBXFileReference; fileEncoding = 4; lastKnownFileType = sourcecode.c.h; path = CharCustomCardView.h; sourceTree = "<group>"; };
		338A541118F1F98B00E4CDBA /* CharCustomCardView.m */ = {isa = PBXFileReference; fileEncoding = 4; lastKnownFileType = sourcecode.c.objc; path = CharCustomCardView.m; sourceTree = "<group>"; };
		33BAF45918F6489C004EC40F /* UIColor+Random.h */ = {isa = PBXFileReference; fileEncoding = 4; lastKnownFileType = sourcecode.c.h; path = "UIColor+Random.h"; sourceTree = "<group>"; };
		33BAF45A18F6489C004EC40F /* UIColor+Random.m */ = {isa = PBXFileReference; fileEncoding = 4; lastKnownFileType = sourcecode.c.objc; path = "UIColor+Random.m"; sourceTree = "<group>"; };
		33C955A11906771200937C32 /* CharCardsCollectionView.h */ = {isa = PBXFileReference; fileEncoding = 4; lastKnownFileType = sourcecode.c.h; name = CharCardsCollectionView.h; path = lib/CharCardsCollectionView.h; sourceTree = "<group>"; };
		33C955A21906771200937C32 /* CharCardsCollectionView.m */ = {isa = PBXFileReference; fileEncoding = 4; lastKnownFileType = sourcecode.c.objc; name = CharCardsCollectionView.m; path = lib/CharCardsCollectionView.m; sourceTree = "<group>"; };
		33C955A41906973200937C32 /* CharCardsMaxViewLayout.h */ = {isa = PBXFileReference; fileEncoding = 4; lastKnownFileType = sourcecode.c.h; name = CharCardsMaxViewLayout.h; path = lib/CharCardsMaxViewLayout.h; sourceTree = "<group>"; };
		33C955A51906973200937C32 /* CharCardsMaxViewLayout.m */ = {isa = PBXFileReference; fileEncoding = 4; lastKnownFileType = sourcecode.c.objc; name = CharCardsMaxViewLayout.m; path = lib/CharCardsMaxViewLayout.m; sourceTree = "<group>"; };
		33C955A71906B32F00937C32 /* CharCardsTransitionalViewLayout.h */ = {isa = PBXFileReference; fileEncoding = 4; lastKnownFileType = sourcecode.c.h; name = CharCardsTransitionalViewLayout.h; path = lib/CharCardsTransitionalViewLayout.h; sourceTree = "<group>"; };
		33C955A81906B32F00937C32 /* CharCardsTransitionalViewLayout.m */ = {isa = PBXFileReference; fileEncoding = 4; lastKnownFileType = sourcecode.c.objc; name = CharCardsTransitionalViewLayout.m; path = lib/CharCardsTransitionalViewLayout.m; sourceTree = "<group>"; };
		33C955AB1906B8EC00937C32 /* CharCardCollectionView.h */ = {isa = PBXFileReference; fileEncoding = 4; lastKnownFileType = sourcecode.c.h; name = CharCardCollectionView.h; path = lib/CharCardCollectionView.h; sourceTree = "<group>"; };
		33C955AC1906B8EC00937C32 /* CharCardCollectionView.m */ = {isa = PBXFileReference; fileEncoding = 4; lastKnownFileType = sourcecode.c.objc; name = CharCardCollectionView.m; path = lib/CharCardCollectionView.m; sourceTree = "<group>"; };
		33C955AE1907259900937C32 /* CharCardsLayoutAttributes.h */ = {isa = PBXFileReference; fileEncoding = 4; lastKnownFileType = sourcecode.c.h; name = CharCardsLayoutAttributes.h; path = lib/CharCardsLayoutAttributes.h; sourceTree = "<group>"; };
		33C955AF1907259900937C32 /* CharCardsLayoutAttributes.m */ = {isa = PBXFileReference; fileEncoding = 4; lastKnownFileType = sourcecode.c.objc; name = CharCardsLayoutAttributes.m; path = lib/CharCardsLayoutAttributes.m; sourceTree = "<group>"; };
		33C955B31908A73F00937C32 /* CharCardsNoneViewLayout.h */ = {isa = PBXFileReference; fileEncoding = 4; lastKnownFileType = sourcecode.c.h; name = CharCardsNoneViewLayout.h; path = lib/CharCardsNoneViewLayout.h; sourceTree = "<group>"; };
		33C955B41908A73F00937C32 /* CharCardsNoneViewLayout.m */ = {isa = PBXFileReference; fileEncoding = 4; lastKnownFileType = sourcecode.c.objc; name = CharCardsNoneViewLayout.m; path = lib/CharCardsNoneViewLayout.m; sourceTree = "<group>"; };
/* End PBXFileReference section */

/* Begin PBXFrameworksBuildPhase section */
		338A53C018F1696B00E4CDBA /* Frameworks */ = {
			isa = PBXFrameworksBuildPhase;
			buildActionMask = 2147483647;
			files = (
				338A53C918F1696B00E4CDBA /* CoreGraphics.framework in Frameworks */,
				338A53CB18F1696B00E4CDBA /* UIKit.framework in Frameworks */,
				338A53C718F1696B00E4CDBA /* Foundation.framework in Frameworks */,
			);
			runOnlyForDeploymentPostprocessing = 0;
		};
		338A53DB18F1696B00E4CDBA /* Frameworks */ = {
			isa = PBXFrameworksBuildPhase;
			buildActionMask = 2147483647;
			files = (
				338A53E018F1696B00E4CDBA /* XCTest.framework in Frameworks */,
				338A53E218F1696B00E4CDBA /* UIKit.framework in Frameworks */,
				338A53E118F1696B00E4CDBA /* Foundation.framework in Frameworks */,
			);
			runOnlyForDeploymentPostprocessing = 0;
		};
/* End PBXFrameworksBuildPhase section */

/* Begin PBXGroup section */
		338A53BA18F1696B00E4CDBA = {
			isa = PBXGroup;
			children = (
				338A53CC18F1696B00E4CDBA /* CharCardsView */,
				338A53E518F1696B00E4CDBA /* CharCardsViewTests */,
				338A53C518F1696B00E4CDBA /* Frameworks */,
				338A53C418F1696B00E4CDBA /* Products */,
			);
			sourceTree = "<group>";
		};
		338A53C418F1696B00E4CDBA /* Products */ = {
			isa = PBXGroup;
			children = (
				338A53C318F1696B00E4CDBA /* CharCardsView.app */,
				338A53DE18F1696B00E4CDBA /* CharCardsViewTests.xctest */,
			);
			name = Products;
			sourceTree = "<group>";
		};
		338A53C518F1696B00E4CDBA /* Frameworks */ = {
			isa = PBXGroup;
			children = (
				338A53C618F1696B00E4CDBA /* Foundation.framework */,
				338A53C818F1696B00E4CDBA /* CoreGraphics.framework */,
				338A53CA18F1696B00E4CDBA /* UIKit.framework */,
				338A53DF18F1696B00E4CDBA /* XCTest.framework */,
			);
			name = Frameworks;
			sourceTree = "<group>";
		};
		338A53CC18F1696B00E4CDBA /* CharCardsView */ = {
			isa = PBXGroup;
			children = (
				338A53F618F16A6F00E4CDBA /* test */,
				338A53F518F16A6300E4CDBA /* lib */,
				338A53D818F1696B00E4CDBA /* Images.xcassets */,
				338A53CD18F1696B00E4CDBA /* Supporting Files */,
			);
			path = CharCardsView;
			sourceTree = "<group>";
		};
		338A53CD18F1696B00E4CDBA /* Supporting Files */ = {
			isa = PBXGroup;
			children = (
				338A53D518F1696B00E4CDBA /* CharAppDelegate.h */,
				338A53D618F1696B00E4CDBA /* CharAppDelegate.m */,
				338A53CE18F1696B00E4CDBA /* CharCardsView-Info.plist */,
				338A53CF18F1696B00E4CDBA /* InfoPlist.strings */,
				338A53D218F1696B00E4CDBA /* main.m */,
				338A53D418F1696B00E4CDBA /* CharCardsView-Prefix.pch */,
			);
			name = "Supporting Files";
			sourceTree = "<group>";
		};
		338A53E518F1696B00E4CDBA /* CharCardsViewTests */ = {
			isa = PBXGroup;
			children = (
				338A53EB18F1696B00E4CDBA /* CharCardsViewTests.m */,
				338A53E618F1696B00E4CDBA /* Supporting Files */,
			);
			path = CharCardsViewTests;
			sourceTree = "<group>";
		};
		338A53E618F1696B00E4CDBA /* Supporting Files */ = {
			isa = PBXGroup;
			children = (
				338A53E718F1696B00E4CDBA /* CharCardsViewTests-Info.plist */,
				338A53E818F1696B00E4CDBA /* InfoPlist.strings */,
			);
			name = "Supporting Files";
			sourceTree = "<group>";
		};
		338A53F518F16A6300E4CDBA /* lib */ = {
			isa = PBXGroup;
			children = (
				33C955B11907259F00937C32 /* attributes */,
				33C955AA1906B35300937C32 /* layouts */,
				338A540718F1F92400E4CDBA /* CharCardsView.h */,
				338A540818F1F92400E4CDBA /* CharCardsView.m */,
				338A540918F1F92400E4CDBA /* CharCardView.h */,
				338A540A18F1F92400E4CDBA /* CharCardView.m */,
				338A540618F1F92400E4CDBA /* CharCardsConstants.h */,
				33C955A11906771200937C32 /* CharCardsCollectionView.h */,
				33C955A21906771200937C32 /* CharCardsCollectionView.m */,
				33C955AB1906B8EC00937C32 /* CharCardCollectionView.h */,
				33C955AC1906B8EC00937C32 /* CharCardCollectionView.m */,
			);
			name = lib;
			sourceTree = "<group>";
		};
		338A53F618F16A6F00E4CDBA /* test */ = {
			isa = PBXGroup;
			children = (
				338A540D18F1F92E00E4CDBA /* CharViewController.h */,
				338A540E18F1F92E00E4CDBA /* CharViewController.m */,
				338A541018F1F98B00E4CDBA /* CharCustomCardView.h */,
				338A541118F1F98B00E4CDBA /* CharCustomCardView.m */,
				33BAF45918F6489C004EC40F /* UIColor+Random.h */,
				33BAF45A18F6489C004EC40F /* UIColor+Random.m */,
				332FA1841902C1E3003BA9C3 /* CharCustomCardCollectionView.h */,
				332FA1851902C1E3003BA9C3 /* CharCustomCardCollectionView.m */,
			);
			name = test;
			sourceTree = "<group>";
		};
		33C955AA1906B35300937C32 /* layouts */ = {
			isa = PBXGroup;
			children = (
				332FA1871902CB1B003BA9C3 /* CharCardsMinViewLayout.h */,
				332FA1881902CB1B003BA9C3 /* CharCardsMinViewLayout.m */,
				33C955A41906973200937C32 /* CharCardsMaxViewLayout.h */,
				33C955A51906973200937C32 /* CharCardsMaxViewLayout.m */,
				33C955B31908A73F00937C32 /* CharCardsNoneViewLayout.h */,
				33C955B41908A73F00937C32 /* CharCardsNoneViewLayout.m */,
				33C955A71906B32F00937C32 /* CharCardsTransitionalViewLayout.h */,
				33C955A81906B32F00937C32 /* CharCardsTransitionalViewLayout.m */,
			);
			name = layouts;
			sourceTree = "<group>";
		};
		33C955B11907259F00937C32 /* attributes */ = {
			isa = PBXGroup;
			children = (
				33C955AE1907259900937C32 /* CharCardsLayoutAttributes.h */,
				33C955AF1907259900937C32 /* CharCardsLayoutAttributes.m */,
			);
			name = attributes;
			sourceTree = "<group>";
		};
/* End PBXGroup section */

/* Begin PBXNativeTarget section */
		338A53C218F1696B00E4CDBA /* CharCardsView */ = {
			isa = PBXNativeTarget;
			buildConfigurationList = 338A53EF18F1696B00E4CDBA /* Build configuration list for PBXNativeTarget "CharCardsView" */;
			buildPhases = (
				338A53BF18F1696B00E4CDBA /* Sources */,
				338A53C018F1696B00E4CDBA /* Frameworks */,
				338A53C118F1696B00E4CDBA /* Resources */,
			);
			buildRules = (
			);
			dependencies = (
			);
			name = CharCardsView;
			productName = CharCardsView;
			productReference = 338A53C318F1696B00E4CDBA /* CharCardsView.app */;
			productType = "com.apple.product-type.application";
		};
		338A53DD18F1696B00E4CDBA /* CharCardsViewTests */ = {
			isa = PBXNativeTarget;
			buildConfigurationList = 338A53F218F1696B00E4CDBA /* Build configuration list for PBXNativeTarget "CharCardsViewTests" */;
			buildPhases = (
				338A53DA18F1696B00E4CDBA /* Sources */,
				338A53DB18F1696B00E4CDBA /* Frameworks */,
				338A53DC18F1696B00E4CDBA /* Resources */,
			);
			buildRules = (
			);
			dependencies = (
				338A53E418F1696B00E4CDBA /* PBXTargetDependency */,
			);
			name = CharCardsViewTests;
			productName = CharCardsViewTests;
			productReference = 338A53DE18F1696B00E4CDBA /* CharCardsViewTests.xctest */;
			productType = "com.apple.product-type.bundle.unit-test";
		};
/* End PBXNativeTarget section */

/* Begin PBXProject section */
		338A53BB18F1696B00E4CDBA /* Project object */ = {
			isa = PBXProject;
			attributes = {
				CLASSPREFIX = Char;
				LastUpgradeCheck = 0510;
				ORGANIZATIONNAME = Charimon;
				TargetAttributes = {
					338A53C218F1696B00E4CDBA = {
						DevelopmentTeam = GU422878Q5;
					};
					338A53DD18F1696B00E4CDBA = {
						TestTargetID = 338A53C218F1696B00E4CDBA;
					};
				};
			};
			buildConfigurationList = 338A53BE18F1696B00E4CDBA /* Build configuration list for PBXProject "CharCardsView" */;
			compatibilityVersion = "Xcode 3.2";
			developmentRegion = English;
			hasScannedForEncodings = 0;
			knownRegions = (
				en,
			);
			mainGroup = 338A53BA18F1696B00E4CDBA;
			productRefGroup = 338A53C418F1696B00E4CDBA /* Products */;
			projectDirPath = "";
			projectRoot = "";
			targets = (
				338A53C218F1696B00E4CDBA /* CharCardsView */,
				338A53DD18F1696B00E4CDBA /* CharCardsViewTests */,
			);
		};
/* End PBXProject section */

/* Begin PBXResourcesBuildPhase section */
		338A53C118F1696B00E4CDBA /* Resources */ = {
			isa = PBXResourcesBuildPhase;
			buildActionMask = 2147483647;
			files = (
				338A53D118F1696B00E4CDBA /* InfoPlist.strings in Resources */,
				338A53D918F1696B00E4CDBA /* Images.xcassets in Resources */,
			);
			runOnlyForDeploymentPostprocessing = 0;
		};
		338A53DC18F1696B00E4CDBA /* Resources */ = {
			isa = PBXResourcesBuildPhase;
			buildActionMask = 2147483647;
			files = (
				338A53EA18F1696B00E4CDBA /* InfoPlist.strings in Resources */,
			);
			runOnlyForDeploymentPostprocessing = 0;
		};
/* End PBXResourcesBuildPhase section */

/* Begin PBXSourcesBuildPhase section */
		338A53BF18F1696B00E4CDBA /* Sources */ = {
			isa = PBXSourcesBuildPhase;
			buildActionMask = 2147483647;
			files = (
				33BAF45B18F6489C004EC40F /* UIColor+Random.m in Sources */,
				33C955AD1906B8EC00937C32 /* CharCardCollectionView.m in Sources */,
				33C955B51908A73F00937C32 /* CharCardsNoneViewLayout.m in Sources */,
				33C955A31906771200937C32 /* CharCardsCollectionView.m in Sources */,
				332FA1891902CB1B003BA9C3 /* CharCardsMinViewLayout.m in Sources */,
				338A53D718F1696B00E4CDBA /* CharAppDelegate.m in Sources */,
				33C955A91906B32F00937C32 /* CharCardsTransitionalViewLayout.m in Sources */,
				33C955B01907259900937C32 /* CharCardsLayoutAttributes.m in Sources */,
				338A540C18F1F92400E4CDBA /* CharCardView.m in Sources */,
				338A540B18F1F92400E4CDBA /* CharCardsView.m in Sources */,
				33C955A61906973200937C32 /* CharCardsMaxViewLayout.m in Sources */,
				338A540F18F1F92E00E4CDBA /* CharViewController.m in Sources */,
				338A53D318F1696B00E4CDBA /* main.m in Sources */,
				332FA1861902C1E3003BA9C3 /* CharCustomCardCollectionView.m in Sources */,
				338A541218F1F98B00E4CDBA /* CharCustomCardView.m in Sources */,
			);
			runOnlyForDeploymentPostprocessing = 0;
		};
		338A53DA18F1696B00E4CDBA /* Sources */ = {
			isa = PBXSourcesBuildPhase;
			buildActionMask = 2147483647;
			files = (
				338A53EC18F1696B00E4CDBA /* CharCardsViewTests.m in Sources */,
			);
			runOnlyForDeploymentPostprocessing = 0;
		};
/* End PBXSourcesBuildPhase section */

/* Begin PBXTargetDependency section */
		338A53E418F1696B00E4CDBA /* PBXTargetDependency */ = {
			isa = PBXTargetDependency;
			target = 338A53C218F1696B00E4CDBA /* CharCardsView */;
			targetProxy = 338A53E318F1696B00E4CDBA /* PBXContainerItemProxy */;
		};
/* End PBXTargetDependency section */

/* Begin PBXVariantGroup section */
		338A53CF18F1696B00E4CDBA /* InfoPlist.strings */ = {
			isa = PBXVariantGroup;
			children = (
				338A53D018F1696B00E4CDBA /* en */,
			);
			name = InfoPlist.strings;
			sourceTree = "<group>";
		};
		338A53E818F1696B00E4CDBA /* InfoPlist.strings */ = {
			isa = PBXVariantGroup;
			children = (
				338A53E918F1696B00E4CDBA /* en */,
			);
			name = InfoPlist.strings;
			sourceTree = "<group>";
		};
/* End PBXVariantGroup section */

/* Begin XCBuildConfiguration section */
		338A53ED18F1696B00E4CDBA /* Debug */ = {
			isa = XCBuildConfiguration;
			buildSettings = {
				ALWAYS_SEARCH_USER_PATHS = NO;
				CLANG_CXX_LANGUAGE_STANDARD = "gnu++0x";
				CLANG_CXX_LIBRARY = "libc++";
				CLANG_ENABLE_MODULES = YES;
				CLANG_ENABLE_OBJC_ARC = YES;
				CLANG_WARN_BOOL_CONVERSION = YES;
				CLANG_WARN_CONSTANT_CONVERSION = YES;
				CLANG_WARN_DIRECT_OBJC_ISA_USAGE = YES_ERROR;
				CLANG_WARN_EMPTY_BODY = YES;
				CLANG_WARN_ENUM_CONVERSION = YES;
				CLANG_WARN_INT_CONVERSION = YES;
				CLANG_WARN_OBJC_ROOT_CLASS = YES_ERROR;
				CLANG_WARN__DUPLICATE_METHOD_MATCH = YES;
				"CODE_SIGN_IDENTITY[sdk=iphoneos*]" = "iPhone Developer";
				COPY_PHASE_STRIP = NO;
				GCC_C_LANGUAGE_STANDARD = gnu99;
				GCC_DYNAMIC_NO_PIC = NO;
				GCC_OPTIMIZATION_LEVEL = 0;
				GCC_PREPROCESSOR_DEFINITIONS = (
					"DEBUG=1",
					"$(inherited)",
				);
				GCC_SYMBOLS_PRIVATE_EXTERN = NO;
				GCC_WARN_64_TO_32_BIT_CONVERSION = YES;
				GCC_WARN_ABOUT_RETURN_TYPE = YES_ERROR;
				GCC_WARN_UNDECLARED_SELECTOR = YES;
				GCC_WARN_UNINITIALIZED_AUTOS = YES_AGGRESSIVE;
				GCC_WARN_UNUSED_FUNCTION = YES;
				GCC_WARN_UNUSED_VARIABLE = YES;
				IPHONEOS_DEPLOYMENT_TARGET = 7.1;
				ONLY_ACTIVE_ARCH = YES;
				SDKROOT = iphoneos;
				TARGETED_DEVICE_FAMILY = "1,2";
			};
			name = Debug;
		};
		338A53EE18F1696B00E4CDBA /* Release */ = {
			isa = XCBuildConfiguration;
			buildSettings = {
				ALWAYS_SEARCH_USER_PATHS = NO;
				CLANG_CXX_LANGUAGE_STANDARD = "gnu++0x";
				CLANG_CXX_LIBRARY = "libc++";
				CLANG_ENABLE_MODULES = YES;
				CLANG_ENABLE_OBJC_ARC = YES;
				CLANG_WARN_BOOL_CONVERSION = YES;
				CLANG_WARN_CONSTANT_CONVERSION = YES;
				CLANG_WARN_DIRECT_OBJC_ISA_USAGE = YES_ERROR;
				CLANG_WARN_EMPTY_BODY = YES;
				CLANG_WARN_ENUM_CONVERSION = YES;
				CLANG_WARN_INT_CONVERSION = YES;
				CLANG_WARN_OBJC_ROOT_CLASS = YES_ERROR;
				CLANG_WARN__DUPLICATE_METHOD_MATCH = YES;
				"CODE_SIGN_IDENTITY[sdk=iphoneos*]" = "iPhone Developer";
				COPY_PHASE_STRIP = YES;
				ENABLE_NS_ASSERTIONS = NO;
				GCC_C_LANGUAGE_STANDARD = gnu99;
				GCC_WARN_64_TO_32_BIT_CONVERSION = YES;
				GCC_WARN_ABOUT_RETURN_TYPE = YES_ERROR;
				GCC_WARN_UNDECLARED_SELECTOR = YES;
				GCC_WARN_UNINITIALIZED_AUTOS = YES_AGGRESSIVE;
				GCC_WARN_UNUSED_FUNCTION = YES;
				GCC_WARN_UNUSED_VARIABLE = YES;
				IPHONEOS_DEPLOYMENT_TARGET = 7.1;
				SDKROOT = iphoneos;
				TARGETED_DEVICE_FAMILY = "1,2";
				VALIDATE_PRODUCT = YES;
			};
			name = Release;
		};
		338A53F018F1696B00E4CDBA /* Debug */ = {
			isa = XCBuildConfiguration;
			buildSettings = {
				ASSETCATALOG_COMPILER_APPICON_NAME = AppIcon;
				ASSETCATALOG_COMPILER_LAUNCHIMAGE_NAME = LaunchImage;
				CODE_SIGN_IDENTITY = "iPhone Developer";
				"CODE_SIGN_IDENTITY[sdk=iphoneos*]" = "iPhone Developer";
				GCC_PRECOMPILE_PREFIX_HEADER = YES;
				GCC_PREFIX_HEADER = "CharCardsView/CharCardsView-Prefix.pch";
				INFOPLIST_FILE = "CharCardsView/CharCardsView-Info.plist";
				IPHONEOS_DEPLOYMENT_TARGET = 7.0;
				PRODUCT_NAME = "$(TARGET_NAME)";
				PROVISIONING_PROFILE = "";
				WRAPPER_EXTENSION = app;
			};
			name = Debug;
		};
		338A53F118F1696B00E4CDBA /* Release */ = {
			isa = XCBuildConfiguration;
			buildSettings = {
				ASSETCATALOG_COMPILER_APPICON_NAME = AppIcon;
				ASSETCATALOG_COMPILER_LAUNCHIMAGE_NAME = LaunchImage;
				CODE_SIGN_IDENTITY = "iPhone Developer";
				"CODE_SIGN_IDENTITY[sdk=iphoneos*]" = "iPhone Developer";
				GCC_PRECOMPILE_PREFIX_HEADER = YES;
				GCC_PREFIX_HEADER = "CharCardsView/CharCardsView-Prefix.pch";
				INFOPLIST_FILE = "CharCardsView/CharCardsView-Info.plist";
				IPHONEOS_DEPLOYMENT_TARGET = 7.0;
				PRODUCT_NAME = "$(TARGET_NAME)";
				PROVISIONING_PROFILE = "";
				WRAPPER_EXTENSION = app;
			};
			name = Release;
		};
		338A53F318F1696B00E4CDBA /* Debug */ = {
			isa = XCBuildConfiguration;
			buildSettings = {
				BUNDLE_LOADER = "$(BUILT_PRODUCTS_DIR)/CharCardsView.app/CharCardsView";
				FRAMEWORK_SEARCH_PATHS = (
					"$(SDKROOT)/Developer/Library/Frameworks",
					"$(inherited)",
					"$(DEVELOPER_FRAMEWORKS_DIR)",
				);
				GCC_PRECOMPILE_PREFIX_HEADER = YES;
				GCC_PREFIX_HEADER = "CharCardsView/CharCardsView-Prefix.pch";
				GCC_PREPROCESSOR_DEFINITIONS = (
					"DEBUG=1",
					"$(inherited)",
				);
				INFOPLIST_FILE = "CharCardsViewTests/CharCardsViewTests-Info.plist";
				PRODUCT_NAME = "$(TARGET_NAME)";
				TEST_HOST = "$(BUNDLE_LOADER)";
				WRAPPER_EXTENSION = xctest;
			};
			name = Debug;
		};
		338A53F418F1696B00E4CDBA /* Release */ = {
			isa = XCBuildConfiguration;
			buildSettings = {
				BUNDLE_LOADER = "$(BUILT_PRODUCTS_DIR)/CharCardsView.app/CharCardsView";
				FRAMEWORK_SEARCH_PATHS = (
					"$(SDKROOT)/Developer/Library/Frameworks",
					"$(inherited)",
					"$(DEVELOPER_FRAMEWORKS_DIR)",
				);
				GCC_PRECOMPILE_PREFIX_HEADER = YES;
				GCC_PREFIX_HEADER = "CharCardsView/CharCardsView-Prefix.pch";
				INFOPLIST_FILE = "CharCardsViewTests/CharCardsViewTests-Info.plist";
				PRODUCT_NAME = "$(TARGET_NAME)";
				TEST_HOST = "$(BUNDLE_LOADER)";
				WRAPPER_EXTENSION = xctest;
			};
			name = Release;
		};
/* End XCBuildConfiguration section */

/* Begin XCConfigurationList section */
		338A53BE18F1696B00E4CDBA /* Build configuration list for PBXProject "CharCardsView" */ = {
			isa = XCConfigurationList;
			buildConfigurations = (
				338A53ED18F1696B00E4CDBA /* Debug */,
				338A53EE18F1696B00E4CDBA /* Release */,
			);
			defaultConfigurationIsVisible = 0;
			defaultConfigurationName = Release;
		};
		338A53EF18F1696B00E4CDBA /* Build configuration list for PBXNativeTarget "CharCardsView" */ = {
			isa = XCConfigurationList;
			buildConfigurations = (
				338A53F018F1696B00E4CDBA /* Debug */,
				338A53F118F1696B00E4CDBA /* Release */,
			);
			defaultConfigurationIsVisible = 0;
			defaultConfigurationName = Release;
		};
		338A53F218F1696B00E4CDBA /* Build configuration list for PBXNativeTarget "CharCardsViewTests" */ = {
			isa = XCConfigurationList;
			buildConfigurations = (
				338A53F318F1696B00E4CDBA /* Debug */,
				338A53F418F1696B00E4CDBA /* Release */,
			);
			defaultConfigurationIsVisible = 0;
			defaultConfigurationName = Release;
		};
/* End XCConfigurationList section */
	};
	rootObject = 338A53BB18F1696B00E4CDBA /* Project object */;
}
